
Microsoft Visual Studio Solution File, Format Version 12.00
# Visual Studio Version 17
VisualStudioVersion = 17.9.34902.65
MinimumVisualStudioVersion = 10.0.40219.1
Project("{9A19103F-16F7-4668-BE54-9A1E7A4F7556}") = "ToDoList", "ToDoList\ToDoList.csproj", "{A3FD4EFF-DAC8-4769-ACB3-3A3A9B3243B9}"
EndProject
Project("{9A19103F-16F7-4668-BE54-9A1E7A4F7556}") = "OOP", "OOP\OOP.csproj", "{E590AE99-B6B1-4054-973E-E4A394C19E0F}"
EndProject
Global
	GlobalSection(SolutionConfigurationPlatforms) = preSolution
		Debug|Any CPU = Debug|Any CPU
		Release|Any CPU = Release|Any CPU
	EndGlobalSection
	GlobalSection(ProjectConfigurationPlatforms) = postSolution
		{A3FD4EFF-DAC8-4769-ACB3-3A3A9B3243B9}.Debug|Any CPU.ActiveCfg = Debug|Any CPU
		{A3FD4EFF-DAC8-4769-ACB3-3A3A9B3243B9}.Debug|Any CPU.Build.0 = Debug|Any CPU
		{A3FD4EFF-DAC8-4769-ACB3-3A3A9B3243B9}.Release|Any CPU.ActiveCfg = Release|Any CPU
		{A3FD4EFF-DAC8-4769-ACB3-3A3A9B3243B9}.Release|Any CPU.Build.0 = Release|Any CPU
		{E590AE99-B6B1-4054-973E-E4A394C19E0F}.Debug|Any CPU.ActiveCfg = Debug|Any CPU
		{E590AE99-B6B1-4054-973E-E4A394C19E0F}.Debug|Any CPU.Build.0 = Debug|Any CPU
		{E590AE99-B6B1-4054-973E-E4A394C19E0F}.Release|Any CPU.ActiveCfg = Release|Any CPU
		{E590AE99-B6B1-4054-973E-E4A394C19E0F}.Release|Any CPU.Build.0 = Release|Any CPU
	EndGlobalSection
	GlobalSection(SolutionProperties) = preSolution
		HideSolutionNode = FALSE
	EndGlobalSection
	GlobalSection(ExtensibilityGlobals) = postSolution
		SolutionGuid = {DF3CE5A4-33CD-4942-A7A6-8A98D14B51FF}
	EndGlobalSection
EndGlobal
